
Microsoft Visual Studio Solution File, Format Version 12.00
# Visual Studio Version 17
VisualStudioVersion = 17.11.35312.102
MinimumVisualStudioVersion = 10.0.40219.1
Project("{8BC9CEB8-8B4A-11D0-8D11-00A0C91BC942}") = "第六天", "第六天.vcxproj", "{DF82527B-084D-4F05-8938-A6463F206446}"
EndProject
Global
	GlobalSection(SolutionConfigurationPlatforms) = preSolution
		Debug|x64 = Debug|x64
		Debug|x86 = Debug|x86
		Release|x64 = Release|x64
		Release|x86 = Release|x86
	EndGlobalSection
	GlobalSection(ProjectConfigurationPlatforms) = postSolution
		{DF82527B-084D-4F05-8938-A6463F206446}.Debug|x64.ActiveCfg = Debug|x64
		{DF82527B-084D-4F05-8938-A6463F206446}.Debug|x64.Build.0 = Debug|x64
		{DF82527B-084D-4F05-8938-A6463F206446}.Debug|x86.ActiveCfg = Debug|Win32
		{DF82527B-084D-4F05-8938-A6463F206446}.Debug|x86.Build.0 = Debug|Win32
		{DF82527B-084D-4F05-8938-A6463F206446}.Release|x64.ActiveCfg = Release|x64
		{DF82527B-084D-4F05-8938-A6463F206446}.Release|x64.Build.0 = Release|x64
		{DF82527B-084D-4F05-8938-A6463F206446}.Release|x86.ActiveCfg = Release|Win32
		{DF82527B-084D-4F05-8938-A6463F206446}.Release|x86.Build.0 = Release|Win32
	EndGlobalSection
	GlobalSection(SolutionProperties) = preSolution
		HideSolutionNode = FALSE
	EndGlobalSection
	GlobalSection(ExtensibilityGlobals) = postSolution
		SolutionGuid = {2C78D385-CF8A-4412-9C6F-D10793D12BD2}
	EndGlobalSection
EndGlobal
