
Microsoft Visual Studio Solution File, Format Version 12.00
# Visual Studio Version 17
VisualStudioVersion = 17.11.35312.102
MinimumVisualStudioVersion = 10.0.40219.1
Project("{8BC9CEB8-8B4A-11D0-8D11-00A0C91BC942}") = "编写函数计算复数的墨并按照从小到大的顺序进行排序", "编写函数计算复数的墨并按照从小到大的顺序进行排序.vcxproj", "{76568AEB-4119-403A-ACF1-9B69224218AF}"
EndProject
Global
	GlobalSection(SolutionConfigurationPlatforms) = preSolution
		Debug|x64 = Debug|x64
		Debug|x86 = Debug|x86
		Release|x64 = Release|x64
		Release|x86 = Release|x86
	EndGlobalSection
	GlobalSection(ProjectConfigurationPlatforms) = postSolution
		{76568AEB-4119-403A-ACF1-9B69224218AF}.Debug|x64.ActiveCfg = Debug|x64
		{76568AEB-4119-403A-ACF1-9B69224218AF}.Debug|x64.Build.0 = Debug|x64
		{76568AEB-4119-403A-ACF1-9B69224218AF}.Debug|x86.ActiveCfg = Debug|Win32
		{76568AEB-4119-403A-ACF1-9B69224218AF}.Debug|x86.Build.0 = Debug|Win32
		{76568AEB-4119-403A-ACF1-9B69224218AF}.Release|x64.ActiveCfg = Release|x64
		{76568AEB-4119-403A-ACF1-9B69224218AF}.Release|x64.Build.0 = Release|x64
		{76568AEB-4119-403A-ACF1-9B69224218AF}.Release|x86.ActiveCfg = Release|Win32
		{76568AEB-4119-403A-ACF1-9B69224218AF}.Release|x86.Build.0 = Release|Win32
	EndGlobalSection
	GlobalSection(SolutionProperties) = preSolution
		HideSolutionNode = FALSE
	EndGlobalSection
	GlobalSection(ExtensibilityGlobals) = postSolution
		SolutionGuid = {806F2436-F10D-4433-9B7F-A529FEDE6046}
	EndGlobalSection
EndGlobal
